
Microsoft Visual Studio Solution File, Format Version 12.00
# Visual Studio Version 17
VisualStudioVersion = 17.5.33502.453
MinimumVisualStudioVersion = 10.0.40219.1
Project("{FAE04EC0-301F-11D3-BF4B-00C04F79EFBC}") = "FilmeAPI", "FilmeAPI\FilmeAPI.csproj", "{3E7A25AB-9B50-43AF-8529-D8707E820E63}"
EndProject
Global
	GlobalSection(SolutionConfigurationPlatforms) = preSolution
		Debug|Any CPU = Debug|Any CPU
		Release|Any CPU = Release|Any CPU
	EndGlobalSection
	GlobalSection(ProjectConfigurationPlatforms) = postSolution
		{3E7A25AB-9B50-43AF-8529-D8707E820E63}.Debug|Any CPU.ActiveCfg = Debug|Any CPU
		{3E7A25AB-9B50-43AF-8529-D8707E820E63}.Debug|Any CPU.Build.0 = Debug|Any CPU
		{3E7A25AB-9B50-43AF-8529-D8707E820E63}.Release|Any CPU.ActiveCfg = Release|Any CPU
		{3E7A25AB-9B50-43AF-8529-D8707E820E63}.Release|Any CPU.Build.0 = Release|Any CPU
	EndGlobalSection
	GlobalSection(SolutionProperties) = preSolution
		HideSolutionNode = FALSE
	EndGlobalSection
	GlobalSection(ExtensibilityGlobals) = postSolution
		SolutionGuid = {F03E508F-C514-4112-8037-B2458B8E81A2}
	EndGlobalSection
EndGlobal
